dependencies:
- name: cas-postgres
  repository: https://bcgov.github.io/cas-postgres/
  version: 0.9.1
- name: cas-airflow-dag-trigger
  repository: https://bcgov.github.io/cas-airflow
  version: 1.0.7
- name: cas-airflow-dag-trigger
  repository: https://bcgov.github.io/cas-airflow
  version: 1.0.7
- name: cas-airflow-dag-trigger
  repository: https://bcgov.github.io/cas-airflow
  version: 1.0.7
- name: nginx-sidecar
  repository: https://bcgov.github.io/cas-template-app
  version: 0.1.13
- name: terraform-bucket-provision
  repository: https://bcgov.github.io/cas-pipeline/
  version: 0.1.3
digest: sha256:1ce72a230cdc3201fa05b13ad8c3a6e34b1db7292fbc38c70400d8674800773f
generated: "2024-02-23T11:14:18.713813-08:00"
