dependencies:
- name: cas-postgres
  repository: https://bcgov.github.io/cas-postgres/
  version: 0.8.0
- name: cas-airflow-dag-trigger
  repository: https://bcgov.github.io/cas-airflow
  version: 1.0.7
- name: cas-airflow-dag-trigger
  repository: https://bcgov.github.io/cas-airflow
  version: 1.0.7
- name: cas-airflow-dag-trigger
  repository: https://bcgov.github.io/cas-airflow
  version: 1.0.7
- name: nginx-sidecar
  repository: https://bcgov.github.io/cas-template-app
  version: 0.1.7
digest: sha256:2bd9277d235089d8e12e8bc74be6de51a55910e4d9fa03e9b55bd88738a7e7ac
generated: "2021-10-27T14:12:34.787879719-07:00"
